
Microsoft Visual Studio Solution File, Format Version 11.00
# Visual Studio 2010
Project("{2150E333-8FDC-42A3-9474-1A3956D46DE8}") = "Solution Items", "Solution Items", "{B5793851-047B-4C1D-8511-AC2D088DCD21}"
	ProjectSection(SolutionItems) = preProject
		Local.testsettings = Local.testsettings
		RESTTechnobabble.vsmdi = RESTTechnobabble.vsmdi
		TraceAndTestImpact.testsettings = TraceAndTestImpact.testsettings
	EndProjectSection
EndProject
Project("{FAE04EC0-301F-11D3-BF4B-00C04F79EFBC}") = "Host.ConsoleApp", "20 Host\Host.ConsoleApp\Host.ConsoleApp.csproj", "{833FF676-077C-408B-B627-33F78DF3B4A4}"
EndProject
Project("{FAE04EC0-301F-11D3-BF4B-00C04F79EFBC}") = "Host.WebApp", "20 Host\Host.WebApp\Host.WebApp.csproj", "{FF254789-68F4-4EFD-B6AE-53F58CCE4785}"
EndProject
Project("{FAE04EC0-301F-11D3-BF4B-00C04F79EFBC}") = "Client.WebApp", "10 Client\Client.WebApp\Client.WebApp.csproj", "{E51A60E5-2F0A-419F-87D7-1553642225F3}"
EndProject
Project("{2150E333-8FDC-42A3-9474-1A3956D46DE8}") = "10 Client", "10 Client", "{66B04D89-0C02-4A9D-9FF2-42AA37728984}"
EndProject
Project("{2150E333-8FDC-42A3-9474-1A3956D46DE8}") = "20 Host", "20 Host", "{50C16705-256D-46D5-A245-52924D1C787E}"
EndProject
Project("{FAE04EC0-301F-11D3-BF4B-00C04F79EFBC}") = "Core.Contract", "40 Core\Core.Contract\Core.Contract.csproj", "{4ADE9AC5-0019-49C9-BF7B-7DB2F0E9C0E7}"
EndProject
Project("{FAE04EC0-301F-11D3-BF4B-00C04F79EFBC}") = "Core.Service", "40 Core\Core.Service\Core.Service.csproj", "{E41C7406-22E9-4491-975B-34EB7129AF75}"
EndProject
Project("{FAE04EC0-301F-11D3-BF4B-00C04F79EFBC}") = "Core.Service.Test", "40 Core\Core.Service.Test\Core.Service.Test.csproj", "{880CC245-BDB8-43D7-A731-678F53C9F491}"
EndProject
Project("{FAE04EC0-301F-11D3-BF4B-00C04F79EFBC}") = "Web.Service", "30 Web\Web.Service\Web.Service.csproj", "{38214035-D488-4394-A551-A9E4139DC6F6}"
EndProject
Project("{FAE04EC0-301F-11D3-BF4B-00C04F79EFBC}") = "Web.Contract", "30 Web\Web.Contract\Web.Contract.csproj", "{586CB6AE-460D-498B-8E72-7D2B6C26C001}"
EndProject
Project("{2150E333-8FDC-42A3-9474-1A3956D46DE8}") = "50 DataLayer", "50 DataLayer", "{9B2E07DF-3B24-495C-A7E2-C8FE3D62DA14}"
EndProject
Project("{F088123C-0E9E-452A-89E6-6BA2F21D5CAC}") = "Modeling", "00 Documentation\Modeling\Modeling.modelproj", "{DC1E3E73-6734-4C27-87FC-498F24CBEE29}"
EndProject
Project("{FAE04EC0-301F-11D3-BF4B-00C04F79EFBC}") = "Documentation", "00 Documentation\Documentation\Documentation.csproj", "{61EB7868-15E5-47A7-8B77-A3EF340F8FEF}"
EndProject
Project("{2150E333-8FDC-42A3-9474-1A3956D46DE8}") = "00 Documentation", "00 Documentation", "{E47FD459-2C96-4D76-A644-2D211AD132EB}"
EndProject
Project("{2150E333-8FDC-42A3-9474-1A3956D46DE8}") = "30 Web", "30 Web", "{70CC8398-6257-491A-819A-5029CF2B609F}"
EndProject
Project("{2150E333-8FDC-42A3-9474-1A3956D46DE8}") = "40 Core", "40 Core", "{93C7B41F-7732-40BE-AA4D-1DE5F757535F}"
EndProject
Project("{FAE04EC0-301F-11D3-BF4B-00C04F79EFBC}") = "Client.WebMVC3", "10 Client\Client.WebMVC3\Client.WebMVC3.csproj", "{7B32E3F4-2024-405C-8E92-722A81C18666}"
EndProject
Global
	GlobalSection(TestCaseManagementSettings) = postSolution
		CategoryFile = RESTTechnobabble.vsmdi
	EndGlobalSection
	GlobalSection(SolutionConfigurationPlatforms) = preSolution
		Debug|Any CPU = Debug|Any CPU
		Debug|Mixed Platforms = Debug|Mixed Platforms
		Debug|x86 = Debug|x86
		Release|Any CPU = Release|Any CPU
		Release|Mixed Platforms = Release|Mixed Platforms
		Release|x86 = Release|x86
	EndGlobalSection
	GlobalSection(ProjectConfigurationPlatforms) = postSolution
		{833FF676-077C-408B-B627-33F78DF3B4A4}.Debug|Any CPU.ActiveCfg = Debug|x86
		{833FF676-077C-408B-B627-33F78DF3B4A4}.Debug|Mixed Platforms.ActiveCfg = Debug|x86
		{833FF676-077C-408B-B627-33F78DF3B4A4}.Debug|Mixed Platforms.Build.0 = Debug|x86
		{833FF676-077C-408B-B627-33F78DF3B4A4}.Debug|x86.ActiveCfg = Debug|x86
		{833FF676-077C-408B-B627-33F78DF3B4A4}.Debug|x86.Build.0 = Debug|x86
		{833FF676-077C-408B-B627-33F78DF3B4A4}.Release|Any CPU.ActiveCfg = Release|x86
		{833FF676-077C-408B-B627-33F78DF3B4A4}.Release|Mixed Platforms.ActiveCfg = Release|x86
		{833FF676-077C-408B-B627-33F78DF3B4A4}.Release|Mixed Platforms.Build.0 = Release|x86
		{833FF676-077C-408B-B627-33F78DF3B4A4}.Release|x86.ActiveCfg = Release|x86
		{833FF676-077C-408B-B627-33F78DF3B4A4}.Release|x86.Build.0 = Release|x86
		{FF254789-68F4-4EFD-B6AE-53F58CCE4785}.Debug|Any CPU.ActiveCfg = Debug|Any CPU
		{FF254789-68F4-4EFD-B6AE-53F58CCE4785}.Debug|Any CPU.Build.0 = Debug|Any CPU
		{FF254789-68F4-4EFD-B6AE-53F58CCE4785}.Debug|Mixed Platforms.ActiveCfg = Debug|Any CPU
		{FF254789-68F4-4EFD-B6AE-53F58CCE4785}.Debug|Mixed Platforms.Build.0 = Debug|Any CPU
		{FF254789-68F4-4EFD-B6AE-53F58CCE4785}.Debug|x86.ActiveCfg = Debug|Any CPU
		{FF254789-68F4-4EFD-B6AE-53F58CCE4785}.Release|Any CPU.ActiveCfg = Release|Any CPU
		{FF254789-68F4-4EFD-B6AE-53F58CCE4785}.Release|Any CPU.Build.0 = Release|Any CPU
		{FF254789-68F4-4EFD-B6AE-53F58CCE4785}.Release|Mixed Platforms.ActiveCfg = Release|Any CPU
		{FF254789-68F4-4EFD-B6AE-53F58CCE4785}.Release|Mixed Platforms.Build.0 = Release|Any CPU
		{FF254789-68F4-4EFD-B6AE-53F58CCE4785}.Release|x86.ActiveCfg = Release|Any CPU
		{E51A60E5-2F0A-419F-87D7-1553642225F3}.Debug|Any CPU.ActiveCfg = Debug|Any CPU
		{E51A60E5-2F0A-419F-87D7-1553642225F3}.Debug|Any CPU.Build.0 = Debug|Any CPU
		{E51A60E5-2F0A-419F-87D7-1553642225F3}.Debug|Mixed Platforms.ActiveCfg = Debug|Any CPU
		{E51A60E5-2F0A-419F-87D7-1553642225F3}.Debug|Mixed Platforms.Build.0 = Debug|Any CPU
		{E51A60E5-2F0A-419F-87D7-1553642225F3}.Debug|x86.ActiveCfg = Debug|Any CPU
		{E51A60E5-2F0A-419F-87D7-1553642225F3}.Release|Any CPU.ActiveCfg = Release|Any CPU
		{E51A60E5-2F0A-419F-87D7-1553642225F3}.Release|Any CPU.Build.0 = Release|Any CPU
		{E51A60E5-2F0A-419F-87D7-1553642225F3}.Release|Mixed Platforms.ActiveCfg = Release|Any CPU
		{E51A60E5-2F0A-419F-87D7-1553642225F3}.Release|Mixed Platforms.Build.0 = Release|Any CPU
		{E51A60E5-2F0A-419F-87D7-1553642225F3}.Release|x86.ActiveCfg = Release|Any CPU
		{4ADE9AC5-0019-49C9-BF7B-7DB2F0E9C0E7}.Debug|Any CPU.ActiveCfg = Debug|Any CPU
		{4ADE9AC5-0019-49C9-BF7B-7DB2F0E9C0E7}.Debug|Any CPU.Build.0 = Debug|Any CPU
		{4ADE9AC5-0019-49C9-BF7B-7DB2F0E9C0E7}.Debug|Mixed Platforms.ActiveCfg = Debug|Any CPU
		{4ADE9AC5-0019-49C9-BF7B-7DB2F0E9C0E7}.Debug|Mixed Platforms.Build.0 = Debug|Any CPU
		{4ADE9AC5-0019-49C9-BF7B-7DB2F0E9C0E7}.Debug|x86.ActiveCfg = Debug|Any CPU
		{4ADE9AC5-0019-49C9-BF7B-7DB2F0E9C0E7}.Release|Any CPU.ActiveCfg = Release|Any CPU
		{4ADE9AC5-0019-49C9-BF7B-7DB2F0E9C0E7}.Release|Any CPU.Build.0 = Release|Any CPU
		{4ADE9AC5-0019-49C9-BF7B-7DB2F0E9C0E7}.Release|Mixed Platforms.ActiveCfg = Release|Any CPU
		{4ADE9AC5-0019-49C9-BF7B-7DB2F0E9C0E7}.Release|Mixed Platforms.Build.0 = Release|Any CPU
		{4ADE9AC5-0019-49C9-BF7B-7DB2F0E9C0E7}.Release|x86.ActiveCfg = Release|Any CPU
		{E41C7406-22E9-4491-975B-34EB7129AF75}.Debug|Any CPU.ActiveCfg = Debug|Any CPU
		{E41C7406-22E9-4491-975B-34EB7129AF75}.Debug|Any CPU.Build.0 = Debug|Any CPU
		{E41C7406-22E9-4491-975B-34EB7129AF75}.Debug|Mixed Platforms.ActiveCfg = Debug|Any CPU
		{E41C7406-22E9-4491-975B-34EB7129AF75}.Debug|Mixed Platforms.Build.0 = Debug|Any CPU
		{E41C7406-22E9-4491-975B-34EB7129AF75}.Debug|x86.ActiveCfg = Debug|Any CPU
		{E41C7406-22E9-4491-975B-34EB7129AF75}.Release|Any CPU.ActiveCfg = Release|Any CPU
		{E41C7406-22E9-4491-975B-34EB7129AF75}.Release|Any CPU.Build.0 = Release|Any CPU
		{E41C7406-22E9-4491-975B-34EB7129AF75}.Release|Mixed Platforms.ActiveCfg = Release|Any CPU
		{E41C7406-22E9-4491-975B-34EB7129AF75}.Release|Mixed Platforms.Build.0 = Release|Any CPU
		{E41C7406-22E9-4491-975B-34EB7129AF75}.Release|x86.ActiveCfg = Release|Any CPU
		{880CC245-BDB8-43D7-A731-678F53C9F491}.Debug|Any CPU.ActiveCfg = Debug|Any CPU
		{880CC245-BDB8-43D7-A731-678F53C9F491}.Debug|Any CPU.Build.0 = Debug|Any CPU
		{880CC245-BDB8-43D7-A731-678F53C9F491}.Debug|Mixed Platforms.ActiveCfg = Debug|Any CPU
		{880CC245-BDB8-43D7-A731-678F53C9F491}.Debug|Mixed Platforms.Build.0 = Debug|Any CPU
		{880CC245-BDB8-43D7-A731-678F53C9F491}.Debug|x86.ActiveCfg = Debug|Any CPU
		{880CC245-BDB8-43D7-A731-678F53C9F491}.Release|Any CPU.ActiveCfg = Release|Any CPU
		{880CC245-BDB8-43D7-A731-678F53C9F491}.Release|Any CPU.Build.0 = Release|Any CPU
		{880CC245-BDB8-43D7-A731-678F53C9F491}.Release|Mixed Platforms.ActiveCfg = Release|Any CPU
		{880CC245-BDB8-43D7-A731-678F53C9F491}.Release|Mixed Platforms.Build.0 = Release|Any CPU
		{880CC245-BDB8-43D7-A731-678F53C9F491}.Release|x86.ActiveCfg = Release|Any CPU
		{38214035-D488-4394-A551-A9E4139DC6F6}.Debug|Any CPU.ActiveCfg = Debug|Any CPU
		{38214035-D488-4394-A551-A9E4139DC6F6}.Debug|Any CPU.Build.0 = Debug|Any CPU
		{38214035-D488-4394-A551-A9E4139DC6F6}.Debug|Mixed Platforms.ActiveCfg = Debug|Any CPU
		{38214035-D488-4394-A551-A9E4139DC6F6}.Debug|Mixed Platforms.Build.0 = Debug|Any CPU
		{38214035-D488-4394-A551-A9E4139DC6F6}.Debug|x86.ActiveCfg = Debug|Any CPU
		{38214035-D488-4394-A551-A9E4139DC6F6}.Release|Any CPU.ActiveCfg = Release|Any CPU
		{38214035-D488-4394-A551-A9E4139DC6F6}.Release|Any CPU.Build.0 = Release|Any CPU
		{38214035-D488-4394-A551-A9E4139DC6F6}.Release|Mixed Platforms.ActiveCfg = Release|Any CPU
		{38214035-D488-4394-A551-A9E4139DC6F6}.Release|Mixed Platforms.Build.0 = Release|Any CPU
		{38214035-D488-4394-A551-A9E4139DC6F6}.Release|x86.ActiveCfg = Release|Any CPU
		{586CB6AE-460D-498B-8E72-7D2B6C26C001}.Debug|Any CPU.ActiveCfg = Debug|Any CPU
		{586CB6AE-460D-498B-8E72-7D2B6C26C001}.Debug|Any CPU.Build.0 = Debug|Any CPU
		{586CB6AE-460D-498B-8E72-7D2B6C26C001}.Debug|Mixed Platforms.ActiveCfg = Debug|Any CPU
		{586CB6AE-460D-498B-8E72-7D2B6C26C001}.Debug|Mixed Platforms.Build.0 = Debug|Any CPU
		{586CB6AE-460D-498B-8E72-7D2B6C26C001}.Debug|x86.ActiveCfg = Debug|Any CPU
		{586CB6AE-460D-498B-8E72-7D2B6C26C001}.Release|Any CPU.ActiveCfg = Release|Any CPU
		{586CB6AE-460D-498B-8E72-7D2B6C26C001}.Release|Any CPU.Build.0 = Release|Any CPU
		{586CB6AE-460D-498B-8E72-7D2B6C26C001}.Release|Mixed Platforms.ActiveCfg = Release|Any CPU
		{586CB6AE-460D-498B-8E72-7D2B6C26C001}.Release|Mixed Platforms.Build.0 = Release|Any CPU
		{586CB6AE-460D-498B-8E72-7D2B6C26C001}.Release|x86.ActiveCfg = Release|Any CPU
		{DC1E3E73-6734-4C27-87FC-498F24CBEE29}.Debug|Any CPU.ActiveCfg = Debug|Any CPU
		{DC1E3E73-6734-4C27-87FC-498F24CBEE29}.Debug|Any CPU.Build.0 = Debug|Any CPU
		{DC1E3E73-6734-4C27-87FC-498F24CBEE29}.Debug|Mixed Platforms.ActiveCfg = Debug|Any CPU
		{DC1E3E73-6734-4C27-87FC-498F24CBEE29}.Debug|Mixed Platforms.Build.0 = Debug|Any CPU
		{DC1E3E73-6734-4C27-87FC-498F24CBEE29}.Debug|x86.ActiveCfg = Debug|Any CPU
		{DC1E3E73-6734-4C27-87FC-498F24CBEE29}.Release|Any CPU.ActiveCfg = Release|Any CPU
		{DC1E3E73-6734-4C27-87FC-498F24CBEE29}.Release|Any CPU.Build.0 = Release|Any CPU
		{DC1E3E73-6734-4C27-87FC-498F24CBEE29}.Release|Mixed Platforms.ActiveCfg = Release|Any CPU
		{DC1E3E73-6734-4C27-87FC-498F24CBEE29}.Release|Mixed Platforms.Build.0 = Release|Any CPU
		{DC1E3E73-6734-4C27-87FC-498F24CBEE29}.Release|x86.ActiveCfg = Release|Any CPU
		{61EB7868-15E5-47A7-8B77-A3EF340F8FEF}.Debug|Any CPU.ActiveCfg = Debug|x86
		{61EB7868-15E5-47A7-8B77-A3EF340F8FEF}.Debug|Mixed Platforms.ActiveCfg = Debug|x86
		{61EB7868-15E5-47A7-8B77-A3EF340F8FEF}.Debug|Mixed Platforms.Build.0 = Debug|x86
		{61EB7868-15E5-47A7-8B77-A3EF340F8FEF}.Debug|x86.ActiveCfg = Debug|x86
		{61EB7868-15E5-47A7-8B77-A3EF340F8FEF}.Debug|x86.Build.0 = Debug|x86
		{61EB7868-15E5-47A7-8B77-A3EF340F8FEF}.Release|Any CPU.ActiveCfg = Release|x86
		{61EB7868-15E5-47A7-8B77-A3EF340F8FEF}.Release|Mixed Platforms.ActiveCfg = Release|x86
		{61EB7868-15E5-47A7-8B77-A3EF340F8FEF}.Release|Mixed Platforms.Build.0 = Release|x86
		{61EB7868-15E5-47A7-8B77-A3EF340F8FEF}.Release|x86.ActiveCfg = Release|x86
		{61EB7868-15E5-47A7-8B77-A3EF340F8FEF}.Release|x86.Build.0 = Release|x86
		{7B32E3F4-2024-405C-8E92-722A81C18666}.Debug|Any CPU.ActiveCfg = Debug|Any CPU
		{7B32E3F4-2024-405C-8E92-722A81C18666}.Debug|Any CPU.Build.0 = Debug|Any CPU
		{7B32E3F4-2024-405C-8E92-722A81C18666}.Debug|Mixed Platforms.ActiveCfg = Debug|Any CPU
		{7B32E3F4-2024-405C-8E92-722A81C18666}.Debug|Mixed Platforms.Build.0 = Debug|Any CPU
		{7B32E3F4-2024-405C-8E92-722A81C18666}.Debug|x86.ActiveCfg = Debug|Any CPU
		{7B32E3F4-2024-405C-8E92-722A81C18666}.Release|Any CPU.ActiveCfg = Release|Any CPU
		{7B32E3F4-2024-405C-8E92-722A81C18666}.Release|Any CPU.Build.0 = Release|Any CPU
		{7B32E3F4-2024-405C-8E92-722A81C18666}.Release|Mixed Platforms.ActiveCfg = Release|Any CPU
		{7B32E3F4-2024-405C-8E92-722A81C18666}.Release|Mixed Platforms.Build.0 = Release|Any CPU
		{7B32E3F4-2024-405C-8E92-722A81C18666}.Release|x86.ActiveCfg = Release|Any CPU
	EndGlobalSection
	GlobalSection(SolutionProperties) = preSolution
		HideSolutionNode = FALSE
	EndGlobalSection
	GlobalSection(NestedProjects) = preSolution
		{FF254789-68F4-4EFD-B6AE-53F58CCE4785} = {50C16705-256D-46D5-A245-52924D1C787E}
		{833FF676-077C-408B-B627-33F78DF3B4A4} = {50C16705-256D-46D5-A245-52924D1C787E}
		{E51A60E5-2F0A-419F-87D7-1553642225F3} = {66B04D89-0C02-4A9D-9FF2-42AA37728984}
		{7B32E3F4-2024-405C-8E92-722A81C18666} = {66B04D89-0C02-4A9D-9FF2-42AA37728984}
		{E41C7406-22E9-4491-975B-34EB7129AF75} = {93C7B41F-7732-40BE-AA4D-1DE5F757535F}
		{880CC245-BDB8-43D7-A731-678F53C9F491} = {93C7B41F-7732-40BE-AA4D-1DE5F757535F}
		{4ADE9AC5-0019-49C9-BF7B-7DB2F0E9C0E7} = {93C7B41F-7732-40BE-AA4D-1DE5F757535F}
		{586CB6AE-460D-498B-8E72-7D2B6C26C001} = {70CC8398-6257-491A-819A-5029CF2B609F}
		{38214035-D488-4394-A551-A9E4139DC6F6} = {70CC8398-6257-491A-819A-5029CF2B609F}
		{61EB7868-15E5-47A7-8B77-A3EF340F8FEF} = {E47FD459-2C96-4D76-A644-2D211AD132EB}
		{DC1E3E73-6734-4C27-87FC-498F24CBEE29} = {E47FD459-2C96-4D76-A644-2D211AD132EB}
	EndGlobalSection
EndGlobal
