
Microsoft Visual Studio Solution File, Format Version 11.00
# Visual Studio 2010
Project("{FAE04EC0-301F-11D3-BF4B-00C04F79EFBC}") = "Host.ConsoleApp", "Host.ConsoleApp\Host.ConsoleApp.csproj", "{0AB14435-EFCB-4822-92E4-7F8E01B88817}"
EndProject
Project("{FAE04EC0-301F-11D3-BF4B-00C04F79EFBC}") = "Host.WebApp", "Host.WebApp\Host.WebApp.csproj", "{1B945150-4A0C-4C82-9F73-F2C868D29FEA}"
EndProject
Project("{FAE04EC0-301F-11D3-BF4B-00C04F79EFBC}") = "Client.WebApp", "Client.WebApp\Client.WebApp.csproj", "{01687201-FD2B-41DF-A52D-82FB8DE9ACF4}"
EndProject
Project("{2150E333-8FDC-42A3-9474-1A3956D46DE8}") = "Solution Items", "Solution Items", "{B5793851-047B-4C1D-8511-AC2D088DCD21}"
	ProjectSection(SolutionItems) = preProject
		Local.testsettings = Local.testsettings
		RESTTechnobabble.vsmdi = RESTTechnobabble.vsmdi
		TraceAndTestImpact.testsettings = TraceAndTestImpact.testsettings
	EndProjectSection
EndProject
Project("{2150E333-8FDC-42A3-9474-1A3956D46DE8}") = "4Client", "4Client", "{66B04D89-0C02-4A9D-9FF2-42AA37728984}"
EndProject
Project("{2150E333-8FDC-42A3-9474-1A3956D46DE8}") = "1Core", "1Core", "{4292F0AA-7C68-459F-BD20-6DA3D7F81889}"
EndProject
Project("{2150E333-8FDC-42A3-9474-1A3956D46DE8}") = "2Middleware (Web)", "2Middleware (Web)", "{71588F5C-FC51-4C49-A3F8-63DFE891E24A}"
EndProject
Project("{2150E333-8FDC-42A3-9474-1A3956D46DE8}") = "3Host", "3Host", "{50C16705-256D-46D5-A245-52924D1C787E}"
EndProject
Project("{FAE04EC0-301F-11D3-BF4B-00C04F79EFBC}") = "Core.Contract", "Core.Contract\Core.Contract.csproj", "{D7DC1C60-CDEA-4B45-A346-4D4232140A04}"
EndProject
Project("{FAE04EC0-301F-11D3-BF4B-00C04F79EFBC}") = "Core.Service", "Core.Service\Core.Service.csproj", "{ED14E3A1-6B97-4D27-A3A7-416EC5E7E72E}"
EndProject
Project("{FAE04EC0-301F-11D3-BF4B-00C04F79EFBC}") = "Core.Service.Test", "Core.Service.Test\Core.Service.Test.csproj", "{63B23EE1-621E-46CF-BC64-6A79024D4503}"
EndProject
Project("{FAE04EC0-301F-11D3-BF4B-00C04F79EFBC}") = "Web.Service", "Web.Service\Web.Service.csproj", "{5AE4CD20-2366-433A-82E2-DA22BA144A74}"
EndProject
Project("{FAE04EC0-301F-11D3-BF4B-00C04F79EFBC}") = "Web.Contract", "Web.Contract\Web.Contract.csproj", "{D48E9995-7ACC-40BF-B13A-B62EF1BA278B}"
EndProject
Global
	GlobalSection(TestCaseManagementSettings) = postSolution
		CategoryFile = RESTTechnobabble.vsmdi
	EndGlobalSection
	GlobalSection(SolutionConfigurationPlatforms) = preSolution
		Debug|Any CPU = Debug|Any CPU
		Debug|Mixed Platforms = Debug|Mixed Platforms
		Debug|x86 = Debug|x86
		Release|Any CPU = Release|Any CPU
		Release|Mixed Platforms = Release|Mixed Platforms
		Release|x86 = Release|x86
	EndGlobalSection
	GlobalSection(ProjectConfigurationPlatforms) = postSolution
		{0AB14435-EFCB-4822-92E4-7F8E01B88817}.Debug|Any CPU.ActiveCfg = Debug|x86
		{0AB14435-EFCB-4822-92E4-7F8E01B88817}.Debug|Mixed Platforms.ActiveCfg = Debug|x86
		{0AB14435-EFCB-4822-92E4-7F8E01B88817}.Debug|Mixed Platforms.Build.0 = Debug|x86
		{0AB14435-EFCB-4822-92E4-7F8E01B88817}.Debug|x86.ActiveCfg = Debug|x86
		{0AB14435-EFCB-4822-92E4-7F8E01B88817}.Debug|x86.Build.0 = Debug|x86
		{0AB14435-EFCB-4822-92E4-7F8E01B88817}.Release|Any CPU.ActiveCfg = Release|x86
		{0AB14435-EFCB-4822-92E4-7F8E01B88817}.Release|Mixed Platforms.ActiveCfg = Release|x86
		{0AB14435-EFCB-4822-92E4-7F8E01B88817}.Release|Mixed Platforms.Build.0 = Release|x86
		{0AB14435-EFCB-4822-92E4-7F8E01B88817}.Release|x86.ActiveCfg = Release|x86
		{0AB14435-EFCB-4822-92E4-7F8E01B88817}.Release|x86.Build.0 = Release|x86
		{1B945150-4A0C-4C82-9F73-F2C868D29FEA}.Debug|Any CPU.ActiveCfg = Debug|Any CPU
		{1B945150-4A0C-4C82-9F73-F2C868D29FEA}.Debug|Any CPU.Build.0 = Debug|Any CPU
		{1B945150-4A0C-4C82-9F73-F2C868D29FEA}.Debug|Mixed Platforms.ActiveCfg = Debug|Any CPU
		{1B945150-4A0C-4C82-9F73-F2C868D29FEA}.Debug|Mixed Platforms.Build.0 = Debug|Any CPU
		{1B945150-4A0C-4C82-9F73-F2C868D29FEA}.Debug|x86.ActiveCfg = Debug|Any CPU
		{1B945150-4A0C-4C82-9F73-F2C868D29FEA}.Release|Any CPU.ActiveCfg = Release|Any CPU
		{1B945150-4A0C-4C82-9F73-F2C868D29FEA}.Release|Any CPU.Build.0 = Release|Any CPU
		{1B945150-4A0C-4C82-9F73-F2C868D29FEA}.Release|Mixed Platforms.ActiveCfg = Release|Any CPU
		{1B945150-4A0C-4C82-9F73-F2C868D29FEA}.Release|Mixed Platforms.Build.0 = Release|Any CPU
		{1B945150-4A0C-4C82-9F73-F2C868D29FEA}.Release|x86.ActiveCfg = Release|Any CPU
		{01687201-FD2B-41DF-A52D-82FB8DE9ACF4}.Debug|Any CPU.ActiveCfg = Debug|Any CPU
		{01687201-FD2B-41DF-A52D-82FB8DE9ACF4}.Debug|Any CPU.Build.0 = Debug|Any CPU
		{01687201-FD2B-41DF-A52D-82FB8DE9ACF4}.Debug|Mixed Platforms.ActiveCfg = Debug|Any CPU
		{01687201-FD2B-41DF-A52D-82FB8DE9ACF4}.Debug|Mixed Platforms.Build.0 = Debug|Any CPU
		{01687201-FD2B-41DF-A52D-82FB8DE9ACF4}.Debug|x86.ActiveCfg = Debug|Any CPU
		{01687201-FD2B-41DF-A52D-82FB8DE9ACF4}.Release|Any CPU.ActiveCfg = Release|Any CPU
		{01687201-FD2B-41DF-A52D-82FB8DE9ACF4}.Release|Any CPU.Build.0 = Release|Any CPU
		{01687201-FD2B-41DF-A52D-82FB8DE9ACF4}.Release|Mixed Platforms.ActiveCfg = Release|Any CPU
		{01687201-FD2B-41DF-A52D-82FB8DE9ACF4}.Release|Mixed Platforms.Build.0 = Release|Any CPU
		{01687201-FD2B-41DF-A52D-82FB8DE9ACF4}.Release|x86.ActiveCfg = Release|Any CPU
		{D7DC1C60-CDEA-4B45-A346-4D4232140A04}.Debug|Any CPU.ActiveCfg = Debug|Any CPU
		{D7DC1C60-CDEA-4B45-A346-4D4232140A04}.Debug|Any CPU.Build.0 = Debug|Any CPU
		{D7DC1C60-CDEA-4B45-A346-4D4232140A04}.Debug|Mixed Platforms.ActiveCfg = Debug|Any CPU
		{D7DC1C60-CDEA-4B45-A346-4D4232140A04}.Debug|Mixed Platforms.Build.0 = Debug|Any CPU
		{D7DC1C60-CDEA-4B45-A346-4D4232140A04}.Debug|x86.ActiveCfg = Debug|Any CPU
		{D7DC1C60-CDEA-4B45-A346-4D4232140A04}.Release|Any CPU.ActiveCfg = Release|Any CPU
		{D7DC1C60-CDEA-4B45-A346-4D4232140A04}.Release|Any CPU.Build.0 = Release|Any CPU
		{D7DC1C60-CDEA-4B45-A346-4D4232140A04}.Release|Mixed Platforms.ActiveCfg = Release|Any CPU
		{D7DC1C60-CDEA-4B45-A346-4D4232140A04}.Release|Mixed Platforms.Build.0 = Release|Any CPU
		{D7DC1C60-CDEA-4B45-A346-4D4232140A04}.Release|x86.ActiveCfg = Release|Any CPU
		{ED14E3A1-6B97-4D27-A3A7-416EC5E7E72E}.Debug|Any CPU.ActiveCfg = Debug|Any CPU
		{ED14E3A1-6B97-4D27-A3A7-416EC5E7E72E}.Debug|Any CPU.Build.0 = Debug|Any CPU
		{ED14E3A1-6B97-4D27-A3A7-416EC5E7E72E}.Debug|Mixed Platforms.ActiveCfg = Debug|Any CPU
		{ED14E3A1-6B97-4D27-A3A7-416EC5E7E72E}.Debug|Mixed Platforms.Build.0 = Debug|Any CPU
		{ED14E3A1-6B97-4D27-A3A7-416EC5E7E72E}.Debug|x86.ActiveCfg = Debug|Any CPU
		{ED14E3A1-6B97-4D27-A3A7-416EC5E7E72E}.Release|Any CPU.ActiveCfg = Release|Any CPU
		{ED14E3A1-6B97-4D27-A3A7-416EC5E7E72E}.Release|Any CPU.Build.0 = Release|Any CPU
		{ED14E3A1-6B97-4D27-A3A7-416EC5E7E72E}.Release|Mixed Platforms.ActiveCfg = Release|Any CPU
		{ED14E3A1-6B97-4D27-A3A7-416EC5E7E72E}.Release|Mixed Platforms.Build.0 = Release|Any CPU
		{ED14E3A1-6B97-4D27-A3A7-416EC5E7E72E}.Release|x86.ActiveCfg = Release|Any CPU
		{63B23EE1-621E-46CF-BC64-6A79024D4503}.Debug|Any CPU.ActiveCfg = Debug|Any CPU
		{63B23EE1-621E-46CF-BC64-6A79024D4503}.Debug|Any CPU.Build.0 = Debug|Any CPU
		{63B23EE1-621E-46CF-BC64-6A79024D4503}.Debug|Mixed Platforms.ActiveCfg = Debug|Any CPU
		{63B23EE1-621E-46CF-BC64-6A79024D4503}.Debug|Mixed Platforms.Build.0 = Debug|Any CPU
		{63B23EE1-621E-46CF-BC64-6A79024D4503}.Debug|x86.ActiveCfg = Debug|Any CPU
		{63B23EE1-621E-46CF-BC64-6A79024D4503}.Release|Any CPU.ActiveCfg = Release|Any CPU
		{63B23EE1-621E-46CF-BC64-6A79024D4503}.Release|Any CPU.Build.0 = Release|Any CPU
		{63B23EE1-621E-46CF-BC64-6A79024D4503}.Release|Mixed Platforms.ActiveCfg = Release|Any CPU
		{63B23EE1-621E-46CF-BC64-6A79024D4503}.Release|Mixed Platforms.Build.0 = Release|Any CPU
		{63B23EE1-621E-46CF-BC64-6A79024D4503}.Release|x86.ActiveCfg = Release|Any CPU
		{5AE4CD20-2366-433A-82E2-DA22BA144A74}.Debug|Any CPU.ActiveCfg = Debug|Any CPU
		{5AE4CD20-2366-433A-82E2-DA22BA144A74}.Debug|Any CPU.Build.0 = Debug|Any CPU
		{5AE4CD20-2366-433A-82E2-DA22BA144A74}.Debug|Mixed Platforms.ActiveCfg = Debug|Any CPU
		{5AE4CD20-2366-433A-82E2-DA22BA144A74}.Debug|Mixed Platforms.Build.0 = Debug|Any CPU
		{5AE4CD20-2366-433A-82E2-DA22BA144A74}.Debug|x86.ActiveCfg = Debug|Any CPU
		{5AE4CD20-2366-433A-82E2-DA22BA144A74}.Release|Any CPU.ActiveCfg = Release|Any CPU
		{5AE4CD20-2366-433A-82E2-DA22BA144A74}.Release|Any CPU.Build.0 = Release|Any CPU
		{5AE4CD20-2366-433A-82E2-DA22BA144A74}.Release|Mixed Platforms.ActiveCfg = Release|Any CPU
		{5AE4CD20-2366-433A-82E2-DA22BA144A74}.Release|Mixed Platforms.Build.0 = Release|Any CPU
		{5AE4CD20-2366-433A-82E2-DA22BA144A74}.Release|x86.ActiveCfg = Release|Any CPU
		{D48E9995-7ACC-40BF-B13A-B62EF1BA278B}.Debug|Any CPU.ActiveCfg = Debug|Any CPU
		{D48E9995-7ACC-40BF-B13A-B62EF1BA278B}.Debug|Any CPU.Build.0 = Debug|Any CPU
		{D48E9995-7ACC-40BF-B13A-B62EF1BA278B}.Debug|Mixed Platforms.ActiveCfg = Debug|Any CPU
		{D48E9995-7ACC-40BF-B13A-B62EF1BA278B}.Debug|Mixed Platforms.Build.0 = Debug|Any CPU
		{D48E9995-7ACC-40BF-B13A-B62EF1BA278B}.Debug|x86.ActiveCfg = Debug|Any CPU
		{D48E9995-7ACC-40BF-B13A-B62EF1BA278B}.Release|Any CPU.ActiveCfg = Release|Any CPU
		{D48E9995-7ACC-40BF-B13A-B62EF1BA278B}.Release|Any CPU.Build.0 = Release|Any CPU
		{D48E9995-7ACC-40BF-B13A-B62EF1BA278B}.Release|Mixed Platforms.ActiveCfg = Release|Any CPU
		{D48E9995-7ACC-40BF-B13A-B62EF1BA278B}.Release|Mixed Platforms.Build.0 = Release|Any CPU
		{D48E9995-7ACC-40BF-B13A-B62EF1BA278B}.Release|x86.ActiveCfg = Release|Any CPU
	EndGlobalSection
	GlobalSection(SolutionProperties) = preSolution
		HideSolutionNode = FALSE
	EndGlobalSection
	GlobalSection(NestedProjects) = preSolution
		{D7DC1C60-CDEA-4B45-A346-4D4232140A04} = {4292F0AA-7C68-459F-BD20-6DA3D7F81889}
		{ED14E3A1-6B97-4D27-A3A7-416EC5E7E72E} = {4292F0AA-7C68-459F-BD20-6DA3D7F81889}
		{63B23EE1-621E-46CF-BC64-6A79024D4503} = {4292F0AA-7C68-459F-BD20-6DA3D7F81889}
		{1B945150-4A0C-4C82-9F73-F2C868D29FEA} = {50C16705-256D-46D5-A245-52924D1C787E}
		{0AB14435-EFCB-4822-92E4-7F8E01B88817} = {50C16705-256D-46D5-A245-52924D1C787E}
		{01687201-FD2B-41DF-A52D-82FB8DE9ACF4} = {66B04D89-0C02-4A9D-9FF2-42AA37728984}
		{5AE4CD20-2366-433A-82E2-DA22BA144A74} = {71588F5C-FC51-4C49-A3F8-63DFE891E24A}
		{D48E9995-7ACC-40BF-B13A-B62EF1BA278B} = {71588F5C-FC51-4C49-A3F8-63DFE891E24A}
	EndGlobalSection
EndGlobal
